// !$*UTF8*$!
{
	archiveVersion = 1;
	classes = {
	};
	objectVersion = 56;
	objects = {

/* Begin PBXBuildFile section */
		069BA41A29083E8700A4330D /* AppDelegate.swift in Sources */ = {isa = PBXBuildFile; fileRef = 069BA41929083E8700A4330D /* AppDelegate.swift */; };
		069BA41C29083E8700A4330D /* SceneDelegate.swift in Sources */ = {isa = PBXBuildFile; fileRef = 069BA41B29083E8700A4330D /* SceneDelegate.swift */; };
		069BA42129083E8700A4330D /* Main.storyboard in Resources */ = {isa = PBXBuildFile; fileRef = 069BA41F29083E8700A4330D /* Main.storyboard */; };
		069BA42329083E8900A4330D /* Assets.xcassets in Resources */ = {isa = PBXBuildFile; fileRef = 069BA42229083E8900A4330D /* Assets.xcassets */; };
		069BA42629083E8900A4330D /* LaunchScreen.storyboard in Resources */ = {isa = PBXBuildFile; fileRef = 069BA42429083E8900A4330D /* LaunchScreen.storyboard */; };
		069BA4332908429800A4330D /* PersonTableViewController.swift in Sources */ = {isa = PBXBuildFile; fileRef = 069BA4322908429800A4330D /* PersonTableViewController.swift */; };
		069BA435290842C600A4330D /* SectionTableViewController.swift in Sources */ = {isa = PBXBuildFile; fileRef = 069BA434290842C600A4330D /* SectionTableViewController.swift */; };
/* End PBXBuildFile section */

/* Begin PBXFileReference section */
		069BA41629083E8700A4330D /* Person_UIKit.app */ = {isa = PBXFileReference; explicitFileType = wrapper.application; includeInIndex = 0; path = Person_UIKit.app; sourceTree = BUILT_PRODUCTS_DIR; };
		069BA41929083E8700A4330D /* AppDelegate.swift */ = {isa = PBXFileReference; lastKnownFileType = sourcecode.swift; path = AppDelegate.swift; sourceTree = "<group>"; };
		069BA41B29083E8700A4330D /* SceneDelegate.swift */ = {isa = PBXFileReference; lastKnownFileType = sourcecode.swift; path = SceneDelegate.swift; sourceTree = "<group>"; };
		069BA42029083E8700A4330D /* Base */ = {isa = PBXFileReference; lastKnownFileType = file.storyboard; name = Base; path = Base.lproj/Main.storyboard; sourceTree = "<group>"; };
		069BA42229083E8900A4330D /* Assets.xcassets */ = {isa = PBXFileReference; lastKnownFileType = folder.assetcatalog; path = Assets.xcassets; sourceTree = "<group>"; };
		069BA42529083E8900A4330D /* Base */ = {isa = PBXFileReference; lastKnownFileType = file.storyboard; name = Base; path = Base.lproj/LaunchScreen.storyboard; sourceTree = "<group>"; };
		069BA42729083E8900A4330D /* Info.plist */ = {isa = PBXFileReference; lastKnownFileType = text.plist.xml; path = Info.plist; sourceTree = "<group>"; };
		069BA4322908429800A4330D /* PersonTableViewController.swift */ = {isa = PBXFileReference; lastKnownFileType = sourcecode.swift; path = PersonTableViewController.swift; sourceTree = "<group>"; };
		069BA434290842C600A4330D /* SectionTableViewController.swift */ = {isa = PBXFileReference; lastKnownFileType = sourcecode.swift; path = SectionTableViewController.swift; sourceTree = "<group>"; };
/* End PBXFileReference section */

/* Begin PBXFrameworksBuildPhase section */
		069BA41329083E8700A4330D /* Frameworks */ = {
			isa = PBXFrameworksBuildPhase;
			buildActionMask = 2147483647;
			files = (
			);
			runOnlyForDeploymentPostprocessing = 0;
		};
/* End PBXFrameworksBuildPhase section */

/* Begin PBXGroup section */
		069BA40D29083E8700A4330D = {
			isa = PBXGroup;
			children = (
				069BA41829083E8700A4330D /* Person_UIKit */,
				069BA42729083E8900A4330D /* Info.plist */,
				069BA41729083E8700A4330D /* Products */,
			);
			sourceTree = "<group>";
		};
		069BA41729083E8700A4330D /* Products */ = {
			isa = PBXGroup;
			children = (
				069BA41629083E8700A4330D /* Person_UIKit.app */,
			);
			name = Products;
			sourceTree = "<group>";
		};
		069BA41829083E8700A4330D /* Person_UIKit */ = {
			isa = PBXGroup;
			children = (
				069BA42D29083FC500A4330D /* Model */,
				069BA42E29083FD300A4330D /* View */,
				069BA42F29083FDD00A4330D /* Controller */,
				069BA430290840A700A4330D /* Supporting Files */,
				069BA431290840E100A4330D /* Resources */,
			);
			path = Person_UIKit;
			sourceTree = "<group>";
		};
		069BA42D29083FC500A4330D /* Model */ = {
			isa = PBXGroup;
			children = (
			);
			path = Model;
			sourceTree = "<group>";
		};
		069BA42E29083FD300A4330D /* View */ = {
			isa = PBXGroup;
			children = (
				069BA41F29083E8700A4330D /* Main.storyboard */,
				069BA42429083E8900A4330D /* LaunchScreen.storyboard */,
			);
			path = View;
			sourceTree = "<group>";
		};
		069BA42F29083FDD00A4330D /* Controller */ = {
			isa = PBXGroup;
			children = (
				069BA4322908429800A4330D /* PersonTableViewController.swift */,
				069BA434290842C600A4330D /* SectionTableViewController.swift */,
			);
			path = Controller;
			sourceTree = "<group>";
		};
		069BA430290840A700A4330D /* Supporting Files */ = {
			isa = PBXGroup;
			children = (
				069BA41929083E8700A4330D /* AppDelegate.swift */,
				069BA41B29083E8700A4330D /* SceneDelegate.swift */,
			);
			path = "Supporting Files";
			sourceTree = "<group>";
		};
		069BA431290840E100A4330D /* Resources */ = {
			isa = PBXGroup;
			children = (
				069BA42229083E8900A4330D /* Assets.xcassets */,
			);
			path = Resources;
			sourceTree = "<group>";
		};
/* End PBXGroup section */

/* Begin PBXNativeTarget section */
		069BA41529083E8700A4330D /* Person_UIKit */ = {
			isa = PBXNativeTarget;
			buildConfigurationList = 069BA42A29083E8900A4330D /* Build configuration list for PBXNativeTarget "Person_UIKit" */;
			buildPhases = (
				069BA41229083E8700A4330D /* Sources */,
				069BA41329083E8700A4330D /* Frameworks */,
				069BA41429083E8700A4330D /* Resources */,
			);
			buildRules = (
			);
			dependencies = (
			);
			name = Person_UIKit;
			productName = Person_UIKit;
			productReference = 069BA41629083E8700A4330D /* Person_UIKit.app */;
			productType = "com.apple.product-type.application";
		};
/* End PBXNativeTarget section */

/* Begin PBXProject section */
		069BA40E29083E8700A4330D /* Project object */ = {
			isa = PBXProject;
			attributes = {
				BuildIndependentTargetsInParallel = 1;
				LastSwiftUpdateCheck = 1400;
				LastUpgradeCheck = 1400;
				TargetAttributes = {
					069BA41529083E8700A4330D = {
						CreatedOnToolsVersion = 14.0.1;
					};
				};
			};
			buildConfigurationList = 069BA41129083E8700A4330D /* Build configuration list for PBXProject "Person_UIKit" */;
			compatibilityVersion = "Xcode 14.0";
			developmentRegion = en;
			hasScannedForEncodings = 0;
			knownRegions = (
				en,
				Base,
			);
			mainGroup = 069BA40D29083E8700A4330D;
			productRefGroup = 069BA41729083E8700A4330D /* Products */;
			projectDirPath = "";
			projectRoot = "";
			targets = (
				069BA41529083E8700A4330D /* Person_UIKit */,
			);
		};
/* End PBXProject section */

/* Begin PBXResourcesBuildPhase section */
		069BA41429083E8700A4330D /* Resources */ = {
			isa = PBXResourcesBuildPhase;
			buildActionMask = 2147483647;
			files = (
				069BA42629083E8900A4330D /* LaunchScreen.storyboard in Resources */,
				069BA42329083E8900A4330D /* Assets.xcassets in Resources */,
				069BA42129083E8700A4330D /* Main.storyboard in Resources */,
			);
			runOnlyForDeploymentPostprocessing = 0;
		};
/* End PBXResourcesBuildPhase section */

/* Begin PBXSourcesBuildPhase section */
		069BA41229083E8700A4330D /* Sources */ = {
			isa = PBXSourcesBuildPhase;
			buildActionMask = 2147483647;
			files = (
				069BA41A29083E8700A4330D /* AppDelegate.swift in Sources */,
				069BA41C29083E8700A4330D /* SceneDelegate.swift in Sources */,
				069BA435290842C600A4330D /* SectionTableViewController.swift in Sources */,
				069BA4332908429800A4330D /* PersonTableViewController.swift in Sources */,
			);
			runOnlyForDeploymentPostprocessing = 0;
		};
/* End PBXSourcesBuildPhase section */

/* Begin PBXVariantGroup section */
		069BA41F29083E8700A4330D /* Main.storyboard */ = {
			isa = PBXVariantGroup;
			children = (
				069BA42029083E8700A4330D /* Base */,
			);
			name = Main.storyboard;
			sourceTree = "<group>";
		};
		069BA42429083E8900A4330D /* LaunchScreen.storyboard */ = {
			isa = PBXVariantGroup;
			children = (
				069BA42529083E8900A4330D /* Base */,
			);
			name = LaunchScreen.storyboard;
			sourceTree = "<group>";
		};
/* End PBXVariantGroup section */

/* Begin XCBuildConfiguration section */
		069BA42829083E8900A4330D /* Debug */ = {
			isa = XCBuildConfiguration;
			buildSettings = {
				ALWAYS_SEARCH_USER_PATHS = NO;
				CLANG_ANALYZER_NONNULL = YES;
				CLANG_ANALYZER_NUMBER_OBJECT_CONVERSION = YES_AGGRESSIVE;
				CLANG_CXX_LANGUAGE_STANDARD = "gnu++20";
				CLANG_ENABLE_MODULES = YES;
				CLANG_ENABLE_OBJC_ARC = YES;
				CLANG_ENABLE_OBJC_WEAK = YES;
				CLANG_WARN_BLOCK_CAPTURE_AUTORELEASING = YES;
				CLANG_WARN_BOOL_CONVERSION = YES;
				CLANG_WARN_COMMA = YES;
				CLANG_WARN_CONSTANT_CONVERSION = YES;
				CLANG_WARN_DEPRECATED_OBJC_IMPLEMENTATIONS = YES;
				CLANG_WARN_DIRECT_OBJC_ISA_USAGE = YES_ERROR;
				CLANG_WARN_DOCUMENTATION_COMMENTS = YES;
				CLANG_WARN_EMPTY_BODY = YES;
				CLANG_WARN_ENUM_CONVERSION = YES;
				CLANG_WARN_INFINITE_RECURSION = YES;
				CLANG_WARN_INT_CONVERSION = YES;
				CLANG_WARN_NON_LITERAL_NULL_CONVERSION = YES;
				CLANG_WARN_OBJC_IMPLICIT_RETAIN_SELF = YES;
				CLANG_WARN_OBJC_LITERAL_CONVERSION = YES;
				CLANG_WARN_OBJC_ROOT_CLASS = YES_ERROR;
				CLANG_WARN_QUOTED_INCLUDE_IN_FRAMEWORK_HEADER = YES;
				CLANG_WARN_RANGE_LOOP_ANALYSIS = YES;
				CLANG_WARN_STRICT_PROTOTYPES = YES;
				CLANG_WARN_SUSPICIOUS_MOVE = YES;
				CLANG_WARN_UNGUARDED_AVAILABILITY = YES_AGGRESSIVE;
				CLANG_WARN_UNREACHABLE_CODE = YES;
				CLANG_WARN__DUPLICATE_METHOD_MATCH = YES;
				COPY_PHASE_STRIP = NO;
				DEBUG_INFORMATION_FORMAT = dwarf;
				ENABLE_STRICT_OBJC_MSGSEND = YES;
				ENABLE_TESTABILITY = YES;
				GCC_C_LANGUAGE_STANDARD = gnu11;
				GCC_DYNAMIC_NO_PIC = NO;
				GCC_NO_COMMON_BLOCKS = YES;
				GCC_OPTIMIZATION_LEVEL = 0;
				GCC_PREPROCESSOR_DEFINITIONS = (
					"DEBUG=1",
					"$(inherited)",
				);
				GCC_WARN_64_TO_32_BIT_CONVERSION = YES;
				GCC_WARN_ABOUT_RETURN_TYPE = YES_ERROR;
				GCC_WARN_UNDECLARED_SELECTOR = YES;
				GCC_WARN_UNINITIALIZED_AUTOS = YES_AGGRESSIVE;
				GCC_WARN_UNUSED_FUNCTION = YES;
				GCC_WARN_UNUSED_VARIABLE = YES;
				IPHONEOS_DEPLOYMENT_TARGET = 16.0;
				MTL_ENABLE_DEBUG_INFO = INCLUDE_SOURCE;
				MTL_FAST_MATH = YES;
				ONLY_ACTIVE_ARCH = YES;
				SDKROOT = iphoneos;
				SWIFT_ACTIVE_COMPILATION_CONDITIONS = DEBUG;
				SWIFT_OPTIMIZATION_LEVEL = "-Onone";
			};
			name = Debug;
		};
		069BA42929083E8900A4330D /* Release */ = {
			isa = XCBuildConfiguration;
			buildSettings = {
				ALWAYS_SEARCH_USER_PATHS = NO;
				CLANG_ANALYZER_NONNULL = YES;
				CLANG_ANALYZER_NUMBER_OBJECT_CONVERSION = YES_AGGRESSIVE;
				CLANG_CXX_LANGUAGE_STANDARD = "gnu++20";
				CLANG_ENABLE_MODULES = YES;
				CLANG_ENABLE_OBJC_ARC = YES;
				CLANG_ENABLE_OBJC_WEAK = YES;
				CLANG_WARN_BLOCK_CAPTURE_AUTORELEASING = YES;
				CLANG_WARN_BOOL_CONVERSION = YES;
				CLANG_WARN_COMMA = YES;
				CLANG_WARN_CONSTANT_CONVERSION = YES;
				CLANG_WARN_DEPRECATED_OBJC_IMPLEMENTATIONS = YES;
				CLANG_WARN_DIRECT_OBJC_ISA_USAGE = YES_ERROR;
				CLANG_WARN_DOCUMENTATION_COMMENTS = YES;
				CLANG_WARN_EMPTY_BODY = YES;
				CLANG_WARN_ENUM_CONVERSION = YES;
				CLANG_WARN_INFINITE_RECURSION = YES;
				CLANG_WARN_INT_CONVERSION = YES;
				CLANG_WARN_NON_LITERAL_NULL_CONVERSION = YES;
				CLANG_WARN_OBJC_IMPLICIT_RETAIN_SELF = YES;
				CLANG_WARN_OBJC_LITERAL_CONVERSION = YES;
				CLANG_WARN_OBJC_ROOT_CLASS = YES_ERROR;
				CLANG_WARN_QUOTED_INCLUDE_IN_FRAMEWORK_HEADER = YES;
				CLANG_WARN_RANGE_LOOP_ANALYSIS = YES;
				CLANG_WARN_STRICT_PROTOTYPES = YES;
				CLANG_WARN_SUSPICIOUS_MOVE = YES;
				CLANG_WARN_UNGUARDED_AVAILABILITY = YES_AGGRESSIVE;
				CLANG_WARN_UNREACHABLE_CODE = YES;
				CLANG_WARN__DUPLICATE_METHOD_MATCH = YES;
				COPY_PHASE_STRIP = NO;
				DEBUG_INFORMATION_FORMAT = "dwarf-with-dsym";
				ENABLE_NS_ASSERTIONS = NO;
				ENABLE_STRICT_OBJC_MSGSEND = YES;
				GCC_C_LANGUAGE_STANDARD = gnu11;
				GCC_NO_COMMON_BLOCKS = YES;
				GCC_WARN_64_TO_32_BIT_CONVERSION = YES;
				GCC_WARN_ABOUT_RETURN_TYPE = YES_ERROR;
				GCC_WARN_UNDECLARED_SELECTOR = YES;
				GCC_WARN_UNINITIALIZED_AUTOS = YES_AGGRESSIVE;
				GCC_WARN_UNUSED_FUNCTION = YES;
				GCC_WARN_UNUSED_VARIABLE = YES;
				IPHONEOS_DEPLOYMENT_TARGET = 16.0;
				MTL_ENABLE_DEBUG_INFO = NO;
				MTL_FAST_MATH = YES;
				SDKROOT = iphoneos;
				SWIFT_COMPILATION_MODE = wholemodule;
				SWIFT_OPTIMIZATION_LEVEL = "-O";
				VALIDATE_PRODUCT = YES;
			};
			name = Release;
		};
		069BA42B29083E8900A4330D /* Debug */ = {
			isa = XCBuildConfiguration;
			buildSettings = {
				ASSETCATALOG_COMPILER_APPICON_NAME = AppIcon;
				ASSETCATALOG_COMPILER_GLOBAL_ACCENT_COLOR_NAME = AccentColor;
				CODE_SIGN_STYLE = Automatic;
				CURRENT_PROJECT_VERSION = 1;
				DEVELOPMENT_TEAM = T5K8V44L2C;
				GENERATE_INFOPLIST_FILE = YES;
				INFOPLIST_FILE = Person_UIKit/Info.plist;
				INFOPLIST_KEY_UIApplicationSupportsIndirectInputEvents = YES;
				INFOPLIST_KEY_UILaunchStoryboardName = LaunchScreen;
				INFOPLIST_KEY_UIMainStoryboardFile = Main;
				INFOPLIST_KEY_UISupportedInterfaceOrientations_iPad = "UIInterfaceOrientationPortrait UIInterfaceOrientationPortraitUpsideDown UIInterfaceOrientationLandscapeLeft UIInterfaceOrientationLandscapeRight";
				INFOPLIST_KEY_UISupportedInterfaceOrientations_iPhone = "UIInterfaceOrientationPortrait UIInterfaceOrientationLandscapeLeft UIInterfaceOrientationLandscapeRight";
				LD_RUNPATH_SEARCH_PATHS = (
					"$(inherited)",
					"@executable_path/Frameworks",
				);
				MARKETING_VERSION = 1.0;
				PRODUCT_BUNDLE_IDENTIFIER = "Artsiom-Sulzhenka.Person-UIKit";
				PRODUCT_NAME = "$(TARGET_NAME)";
				SWIFT_EMIT_LOC_STRINGS = YES;
				SWIFT_VERSION = 5.0;
				TARGETED_DEVICE_FAMILY = "1,2";
			};
			name = Debug;
		};
		069BA42C29083E8900A4330D /* Release */ = {
			isa = XCBuildConfiguration;
			buildSettings = {
				ASSETCATALOG_COMPILER_APPICON_NAME = AppIcon;
				ASSETCATALOG_COMPILER_GLOBAL_ACCENT_COLOR_NAME = AccentColor;
				CODE_SIGN_STYLE = Automatic;
				CURRENT_PROJECT_VERSION = 1;
				DEVELOPMENT_TEAM = T5K8V44L2C;
				GENERATE_INFOPLIST_FILE = YES;
				INFOPLIST_FILE = Person_UIKit/Info.plist;
				INFOPLIST_KEY_UIApplicationSupportsIndirectInputEvents = YES;
				INFOPLIST_KEY_UILaunchStoryboardName = LaunchScreen;
				INFOPLIST_KEY_UIMainStoryboardFile = Main;
				INFOPLIST_KEY_UISupportedInterfaceOrientations_iPad = "UIInterfaceOrientationPortrait UIInterfaceOrientationPortraitUpsideDown UIInterfaceOrientationLandscapeLeft UIInterfaceOrientationLandscapeRight";
				INFOPLIST_KEY_UISupportedInterfaceOrientations_iPhone = "UIInterfaceOrientationPortrait UIInterfaceOrientationLandscapeLeft UIInterfaceOrientationLandscapeRight";
				LD_RUNPATH_SEARCH_PATHS = (
					"$(inherited)",
					"@executable_path/Frameworks",
				);
				MARKETING_VERSION = 1.0;
				PRODUCT_BUNDLE_IDENTIFIER = "Artsiom-Sulzhenka.Person-UIKit";
				PRODUCT_NAME = "$(TARGET_NAME)";
				SWIFT_EMIT_LOC_STRINGS = YES;
				SWIFT_VERSION = 5.0;
				TARGETED_DEVICE_FAMILY = "1,2";
			};
			name = Release;
		};
/* End XCBuildConfiguration section */

/* Begin XCConfigurationList section */
		069BA41129083E8700A4330D /* Build configuration list for PBXProject "Person_UIKit" */ = {
			isa = XCConfigurationList;
			buildConfigurations = (
				069BA42829083E8900A4330D /* Debug */,
				069BA42929083E8900A4330D /* Release */,
			);
			defaultConfigurationIsVisible = 0;
			defaultConfigurationName = Release;
		};
		069BA42A29083E8900A4330D /* Build configuration list for PBXNativeTarget "Person_UIKit" */ = {
			isa = XCConfigurationList;
			buildConfigurations = (
				069BA42B29083E8900A4330D /* Debug */,
				069BA42C29083E8900A4330D /* Release */,
			);
			defaultConfigurationIsVisible = 0;
			defaultConfigurationName = Release;
		};
/* End XCConfigurationList section */
	};
	rootObject = 069BA40E29083E8700A4330D /* Project object */;
}
